// !$*UTF8*$!
{
	archiveVersion = 1;
	classes = {
	};
	objectVersion = 48;
	objects = {

/* Begin PBXBuildFile section */
		07EC3C1720F99F4400E5CA4A /* AppDelegate.swift in Sources */ = {isa = PBXBuildFile; fileRef = 07EC3C1620F99F4400E5CA4A /* AppDelegate.swift */; };
		07EC3C1C20F99F4400E5CA4A /* Main.storyboard in Resources */ = {isa = PBXBuildFile; fileRef = 07EC3C1A20F99F4400E5CA4A /* Main.storyboard */; };
		07EC3C1F20F99F4400E5CA4A /* UISearchControllerDemo.xcdatamodeld in Sources */ = {isa = PBXBuildFile; fileRef = 07EC3C1D20F99F4400E5CA4A /* UISearchControllerDemo.xcdatamodeld */; };
		07EC3C2120F99F4400E5CA4A /* Assets.xcassets in Resources */ = {isa = PBXBuildFile; fileRef = 07EC3C2020F99F4400E5CA4A /* Assets.xcassets */; };
		07EC3C2420F99F4400E5CA4A /* LaunchScreen.storyboard in Resources */ = {isa = PBXBuildFile; fileRef = 07EC3C2220F99F4400E5CA4A /* LaunchScreen.storyboard */; };
		07EC3C2C20F99FDE00E5CA4A /* ContactTableViewController.swift in Sources */ = {isa = PBXBuildFile; fileRef = 07EC3C2B20F99FDE00E5CA4A /* ContactTableViewController.swift */; };
/* End PBXBuildFile section */

/* Begin PBXFileReference section */
		07EC3C1320F99F4400E5CA4A /* UISearchControllerDemo.app */ = {isa = PBXFileReference; explicitFileType = wrapper.application; includeInIndex = 0; path = UISearchControllerDemo.app; sourceTree = BUILT_PRODUCTS_DIR; };
		07EC3C1620F99F4400E5CA4A /* AppDelegate.swift */ = {isa = PBXFileReference; lastKnownFileType = sourcecode.swift; path = AppDelegate.swift; sourceTree = "<group>"; };
		07EC3C1B20F99F4400E5CA4A /* Base */ = {isa = PBXFileReference; lastKnownFileType = file.storyboard; name = Base; path = Base.lproj/Main.storyboard; sourceTree = "<group>"; };
		07EC3C1E20F99F4400E5CA4A /* UISearchControllerDemo.xcdatamodel */ = {isa = PBXFileReference; lastKnownFileType = wrapper.xcdatamodel; path = UISearchControllerDemo.xcdatamodel; sourceTree = "<group>"; };
		07EC3C2020F99F4400E5CA4A /* Assets.xcassets */ = {isa = PBXFileReference; lastKnownFileType = folder.assetcatalog; path = Assets.xcassets; sourceTree = "<group>"; };
		07EC3C2320F99F4400E5CA4A /* Base */ = {isa = PBXFileReference; lastKnownFileType = file.storyboard; name = Base; path = Base.lproj/LaunchScreen.storyboard; sourceTree = "<group>"; };
		07EC3C2520F99F4400E5CA4A /* Info.plist */ = {isa = PBXFileReference; lastKnownFileType = text.plist.xml; path = Info.plist; sourceTree = "<group>"; };
		07EC3C2B20F99FDE00E5CA4A /* ContactTableViewController.swift */ = {isa = PBXFileReference; lastKnownFileType = sourcecode.swift; path = ContactTableViewController.swift; sourceTree = "<group>"; };
/* End PBXFileReference section */

/* Begin PBXFrameworksBuildPhase section */
		07EC3C1020F99F4400E5CA4A /* Frameworks */ = {
			isa = PBXFrameworksBuildPhase;
			buildActionMask = 2147483647;
			files = (
			);
			runOnlyForDeploymentPostprocessing = 0;
		};
/* End PBXFrameworksBuildPhase section */

/* Begin PBXGroup section */
		07EC3C0A20F99F4300E5CA4A = {
			isa = PBXGroup;
			children = (
				07EC3C1520F99F4400E5CA4A /* UISearchControllerDemo */,
				07EC3C1420F99F4400E5CA4A /* Products */,
			);
			sourceTree = "<group>";
		};
		07EC3C1420F99F4400E5CA4A /* Products */ = {
			isa = PBXGroup;
			children = (
				07EC3C1320F99F4400E5CA4A /* UISearchControllerDemo.app */,
			);
			name = Products;
			sourceTree = "<group>";
		};
		07EC3C1520F99F4400E5CA4A /* UISearchControllerDemo */ = {
			isa = PBXGroup;
			children = (
				07EC3C1620F99F4400E5CA4A /* AppDelegate.swift */,
				07EC3C1A20F99F4400E5CA4A /* Main.storyboard */,
				07EC3C2020F99F4400E5CA4A /* Assets.xcassets */,
				07EC3C2220F99F4400E5CA4A /* LaunchScreen.storyboard */,
				07EC3C2520F99F4400E5CA4A /* Info.plist */,
				07EC3C1D20F99F4400E5CA4A /* UISearchControllerDemo.xcdatamodeld */,
				07EC3C2B20F99FDE00E5CA4A /* ContactTableViewController.swift */,
			);
			path = UISearchControllerDemo;
			sourceTree = "<group>";
		};
/* End PBXGroup section */

/* Begin PBXNativeTarget section */
		07EC3C1220F99F4400E5CA4A /* UISearchControllerDemo */ = {
			isa = PBXNativeTarget;
			buildConfigurationList = 07EC3C2820F99F4400E5CA4A /* Build configuration list for PBXNativeTarget "UISearchControllerDemo" */;
			buildPhases = (
				07EC3C0F20F99F4400E5CA4A /* Sources */,
				07EC3C1020F99F4400E5CA4A /* Frameworks */,
				07EC3C1120F99F4400E5CA4A /* Resources */,
			);
			buildRules = (
			);
			dependencies = (
			);
			name = UISearchControllerDemo;
			productName = UISearchControllerDemo;
			productReference = 07EC3C1320F99F4400E5CA4A /* UISearchControllerDemo.app */;
			productType = "com.apple.product-type.application";
		};
/* End PBXNativeTarget section */

/* Begin PBXProject section */
		07EC3C0B20F99F4300E5CA4A /* Project object */ = {
			isa = PBXProject;
			attributes = {
				LastSwiftUpdateCheck = 0920;
				LastUpgradeCheck = 0920;
				ORGANIZATIONNAME = "Chhaileng Peng";
				TargetAttributes = {
					07EC3C1220F99F4400E5CA4A = {
						CreatedOnToolsVersion = 9.2;
						ProvisioningStyle = Automatic;
					};
				};
			};
			buildConfigurationList = 07EC3C0E20F99F4300E5CA4A /* Build configuration list for PBXProject "UISearchControllerDemo" */;
			compatibilityVersion = "Xcode 8.0";
			developmentRegion = en;
			hasScannedForEncodings = 0;
			knownRegions = (
				en,
				Base,
			);
			mainGroup = 07EC3C0A20F99F4300E5CA4A;
			productRefGroup = 07EC3C1420F99F4400E5CA4A /* Products */;
			projectDirPath = "";
			projectRoot = "";
			targets = (
				07EC3C1220F99F4400E5CA4A /* UISearchControllerDemo */,
			);
		};
/* End PBXProject section */

/* Begin PBXResourcesBuildPhase section */
		07EC3C1120F99F4400E5CA4A /* Resources */ = {
			isa = PBXResourcesBuildPhase;
			buildActionMask = 2147483647;
			files = (
				07EC3C2420F99F4400E5CA4A /* LaunchScreen.storyboard in Resources */,
				07EC3C2120F99F4400E5CA4A /* Assets.xcassets in Resources */,
				07EC3C1C20F99F4400E5CA4A /* Main.storyboard in Resources */,
			);
			runOnlyForDeploymentPostprocessing = 0;
		};
/* End PBXResourcesBuildPhase section */

/* Begin PBXSourcesBuildPhase section */
		07EC3C0F20F99F4400E5CA4A /* Sources */ = {
			isa = PBXSourcesBuildPhase;
			buildActionMask = 2147483647;
			files = (
				07EC3C1F20F99F4400E5CA4A /* UISearchControllerDemo.xcdatamodeld in Sources */,
				07EC3C1720F99F4400E5CA4A /* AppDelegate.swift in Sources */,
				07EC3C2C20F99FDE00E5CA4A /* ContactTableViewController.swift in Sources */,
			);
			runOnlyForDeploymentPostprocessing = 0;
		};
/* End PBXSourcesBuildPhase section */

/* Begin PBXVariantGroup section */
		07EC3C1A20F99F4400E5CA4A /* Main.storyboard */ = {
			isa = PBXVariantGroup;
			children = (
				07EC3C1B20F99F4400E5CA4A /* Base */,
			);
			name = Main.storyboard;
			sourceTree = "<group>";
		};
		07EC3C2220F99F4400E5CA4A /* LaunchScreen.storyboard */ = {
			isa = PBXVariantGroup;
			children = (
				07EC3C2320F99F4400E5CA4A /* Base */,
			);
			name = LaunchScreen.storyboard;
			sourceTree = "<group>";
		};
/* End PBXVariantGroup section */

/* Begin XCBuildConfiguration section */
		07EC3C2620F99F4400E5CA4A /* Debug */ = {
			isa = XCBuildConfiguration;
			buildSettings = {
				ALWAYS_SEARCH_USER_PATHS = NO;
				CLANG_ANALYZER_NONNULL = YES;
				CLANG_ANALYZER_NUMBER_OBJECT_CONVERSION = YES_AGGRESSIVE;
				CLANG_CXX_LANGUAGE_STANDARD = "gnu++14";
				CLANG_CXX_LIBRARY = "libc++";
				CLANG_ENABLE_MODULES = YES;
				CLANG_ENABLE_OBJC_ARC = YES;
				CLANG_WARN_BLOCK_CAPTURE_AUTORELEASING = YES;
				CLANG_WARN_BOOL_CONVERSION = YES;
				CLANG_WARN_COMMA = YES;
				CLANG_WARN_CONSTANT_CONVERSION = YES;
				CLANG_WARN_DIRECT_OBJC_ISA_USAGE = YES_ERROR;
				CLANG_WARN_DOCUMENTATION_COMMENTS = YES;
				CLANG_WARN_EMPTY_BODY = YES;
				CLANG_WARN_ENUM_CONVERSION = YES;
				CLANG_WARN_INFINITE_RECURSION = YES;
				CLANG_WARN_INT_CONVERSION = YES;
				CLANG_WARN_NON_LITERAL_NULL_CONVERSION = YES;
				CLANG_WARN_OBJC_LITERAL_CONVERSION = YES;
				CLANG_WARN_OBJC_ROOT_CLASS = YES_ERROR;
				CLANG_WARN_RANGE_LOOP_ANALYSIS = YES;
				CLANG_WARN_STRICT_PROTOTYPES = YES;
				CLANG_WARN_SUSPICIOUS_MOVE = YES;
				CLANG_WARN_UNGUARDED_AVAILABILITY = YES_AGGRESSIVE;
				CLANG_WARN_UNREACHABLE_CODE = YES;
				CLANG_WARN__DUPLICATE_METHOD_MATCH = YES;
				CODE_SIGN_IDENTITY = "iPhone Developer";
				COPY_PHASE_STRIP = NO;
				DEBUG_INFORMATION_FORMAT = dwarf;
				ENABLE_STRICT_OBJC_MSGSEND = YES;
				ENABLE_TESTABILITY = YES;
				GCC_C_LANGUAGE_STANDARD = gnu11;
				GCC_DYNAMIC_NO_PIC = NO;
				GCC_NO_COMMON_BLOCKS = YES;
				GCC_OPTIMIZATION_LEVEL = 0;
				GCC_PREPROCESSOR_DEFINITIONS = (
					"DEBUG=1",
					"$(inherited)",
				);
				GCC_WARN_64_TO_32_BIT_CONVERSION = YES;
				GCC_WARN_ABOUT_RETURN_TYPE = YES_ERROR;
				GCC_WARN_UNDECLARED_SELECTOR = YES;
				GCC_WARN_UNINITIALIZED_AUTOS = YES_AGGRESSIVE;
				GCC_WARN_UNUSED_FUNCTION = YES;
				GCC_WARN_UNUSED_VARIABLE = YES;
				IPHONEOS_DEPLOYMENT_TARGET = 11.2;
				MTL_ENABLE_DEBUG_INFO = YES;
				ONLY_ACTIVE_ARCH = YES;
				SDKROOT = iphoneos;
				SWIFT_ACTIVE_COMPILATION_CONDITIONS = DEBUG;
				SWIFT_OPTIMIZATION_LEVEL = "-Onone";
			};
			name = Debug;
		};
		07EC3C2720F99F4400E5CA4A /* Release */ = {
			isa = XCBuildConfiguration;
			buildSettings = {
				ALWAYS_SEARCH_USER_PATHS = NO;
				CLANG_ANALYZER_NONNULL = YES;
				CLANG_ANALYZER_NUMBER_OBJECT_CONVERSION = YES_AGGRESSIVE;
				CLANG_CXX_LANGUAGE_STANDARD = "gnu++14";
				CLANG_CXX_LIBRARY = "libc++";
				CLANG_ENABLE_MODULES = YES;
				CLANG_ENABLE_OBJC_ARC = YES;
				CLANG_WARN_BLOCK_CAPTURE_AUTORELEASING = YES;
				CLANG_WARN_BOOL_CONVERSION = YES;
				CLANG_WARN_COMMA = YES;
				CLANG_WARN_CONSTANT_CONVERSION = YES;
				CLANG_WARN_DIRECT_OBJC_ISA_USAGE = YES_ERROR;
				CLANG_WARN_DOCUMENTATION_COMMENTS = YES;
				CLANG_WARN_EMPTY_BODY = YES;
				CLANG_WARN_ENUM_CONVERSION = YES;
				CLANG_WARN_INFINITE_RECURSION = YES;
				CLANG_WARN_INT_CONVERSION = YES;
				CLANG_WARN_NON_LITERAL_NULL_CONVERSION = YES;
				CLANG_WARN_OBJC_LITERAL_CONVERSION = YES;
				CLANG_WARN_OBJC_ROOT_CLASS = YES_ERROR;
				CLANG_WARN_RANGE_LOOP_ANALYSIS = YES;
				CLANG_WARN_STRICT_PROTOTYPES = YES;
				CLANG_WARN_SUSPICIOUS_MOVE = YES;
				CLANG_WARN_UNGUARDED_AVAILABILITY = YES_AGGRESSIVE;
				CLANG_WARN_UNREACHABLE_CODE = YES;
				CLANG_WARN__DUPLICATE_METHOD_MATCH = YES;
				CODE_SIGN_IDENTITY = "iPhone Developer";
				COPY_PHASE_STRIP = NO;
				DEBUG_INFORMATION_FORMAT = "dwarf-with-dsym";
				ENABLE_NS_ASSERTIONS = NO;
				ENABLE_STRICT_OBJC_MSGSEND = YES;
				GCC_C_LANGUAGE_STANDARD = gnu11;
				GCC_NO_COMMON_BLOCKS = YES;
				GCC_WARN_64_TO_32_BIT_CONVERSION = YES;
				GCC_WARN_ABOUT_RETURN_TYPE = YES_ERROR;
				GCC_WARN_UNDECLARED_SELECTOR = YES;
				GCC_WARN_UNINITIALIZED_AUTOS = YES_AGGRESSIVE;
				GCC_WARN_UNUSED_FUNCTION = YES;
				GCC_WARN_UNUSED_VARIABLE = YES;
				IPHONEOS_DEPLOYMENT_TARGET = 11.2;
				MTL_ENABLE_DEBUG_INFO = NO;
				SDKROOT = iphoneos;
				SWIFT_OPTIMIZATION_LEVEL = "-Owholemodule";
				VALIDATE_PRODUCT = YES;
			};
			name = Release;
		};
		07EC3C2920F99F4400E5CA4A /* Debug */ = {
			isa = XCBuildConfiguration;
			buildSettings = {
				ASSETCATALOG_COMPILER_APPICON_NAME = AppIcon;
				CODE_SIGN_STYLE = Automatic;
				DEVELOPMENT_TEAM = U7EHSN2Z7Y;
				INFOPLIST_FILE = UISearchControllerDemo/Info.plist;
				LD_RUNPATH_SEARCH_PATHS = "$(inherited) @executable_path/Frameworks";
				PRODUCT_BUNDLE_IDENTIFIER = com.chhaileng.UISearchControllerDemo;
				PRODUCT_NAME = "$(TARGET_NAME)";
				SWIFT_VERSION = 4.0;
				TARGETED_DEVICE_FAMILY = "1,2";
			};
			name = Debug;
		};
		07EC3C2A20F99F4400E5CA4A /* Release */ = {
			isa = XCBuildConfiguration;
			buildSettings = {
				ASSETCATALOG_COMPILER_APPICON_NAME = AppIcon;
				CODE_SIGN_STYLE = Automatic;
				DEVELOPMENT_TEAM = U7EHSN2Z7Y;
				INFOPLIST_FILE = UISearchControllerDemo/Info.plist;
				LD_RUNPATH_SEARCH_PATHS = "$(inherited) @executable_path/Frameworks";
				PRODUCT_BUNDLE_IDENTIFIER = com.chhaileng.UISearchControllerDemo;
				PRODUCT_NAME = "$(TARGET_NAME)";
				SWIFT_VERSION = 4.0;
				TARGETED_DEVICE_FAMILY = "1,2";
			};
			name = Release;
		};
/* End XCBuildConfiguration section */

/* Begin XCConfigurationList section */
		07EC3C0E20F99F4300E5CA4A /* Build configuration list for PBXProject "UISearchControllerDemo" */ = {
			isa = XCConfigurationList;
			buildConfigurations = (
				07EC3C2620F99F4400E5CA4A /* Debug */,
				07EC3C2720F99F4400E5CA4A /* Release */,
			);
			defaultConfigurationIsVisible = 0;
			defaultConfigurationName = Release;
		};
		07EC3C2820F99F4400E5CA4A /* Build configuration list for PBXNativeTarget "UISearchControllerDemo" */ = {
			isa = XCConfigurationList;
			buildConfigurations = (
				07EC3C2920F99F4400E5CA4A /* Debug */,
				07EC3C2A20F99F4400E5CA4A /* Release */,
			);
			defaultConfigurationIsVisible = 0;
			defaultConfigurationName = Release;
		};
/* End XCConfigurationList section */

/* Begin XCVersionGroup section */
		07EC3C1D20F99F4400E5CA4A /* UISearchControllerDemo.xcdatamodeld */ = {
			isa = XCVersionGroup;
			children = (
				07EC3C1E20F99F4400E5CA4A /* UISearchControllerDemo.xcdatamodel */,
			);
			currentVersion = 07EC3C1E20F99F4400E5CA4A /* UISearchControllerDemo.xcdatamodel */;
			path = UISearchControllerDemo.xcdatamodeld;
			sourceTree = "<group>";
			versionGroupType = wrapper.xcdatamodel;
		};
/* End XCVersionGroup section */
	};
	rootObject = 07EC3C0B20F99F4300E5CA4A /* Project object */;
}
